// !$*UTF8*$!
{
	archiveVersion = 1;
	classes = {
	};
	objectVersion = 55;
	objects = {

/* Begin PBXBuildFile section */
		366A5B679A973A5353F355A8 /* Pods_PinkBook.framework in Frameworks */ = {isa = PBXBuildFile; fileRef = D1E00BEE93B0EF281BC5AE38 /* Pods_PinkBook.framework */; };
		9B67128A28AE5F47009776CB /* PinkTabBarViewController.swift in Sources */ = {isa = PBXBuildFile; fileRef = 9B67128928AE5F47009776CB /* PinkTabBarViewController.swift */; };
		9B6FAE8028B0DEEA00F24D9E /* PostViewController.swift in Sources */ = {isa = PBXBuildFile; fileRef = 9B6FAE7F28B0DEEA00F24D9E /* PostViewController.swift */; };
		9B6FAE8228B0E9E200F24D9E /* Extensions.swift in Sources */ = {isa = PBXBuildFile; fileRef = 9B6FAE8128B0E9E200F24D9E /* Extensions.swift */; };
		9B70E29A28AE0BEF006B41DD /* AppDelegate.swift in Sources */ = {isa = PBXBuildFile; fileRef = 9B70E29928AE0BEF006B41DD /* AppDelegate.swift */; };
		9B70E29C28AE0BEF006B41DD /* SceneDelegate.swift in Sources */ = {isa = PBXBuildFile; fileRef = 9B70E29B28AE0BEF006B41DD /* SceneDelegate.swift */; };
		9B70E29E28AE0BEF006B41DD /* HomeViewController.swift in Sources */ = {isa = PBXBuildFile; fileRef = 9B70E29D28AE0BEF006B41DD /* HomeViewController.swift */; };
		9B70E2A128AE0BEF006B41DD /* Main.storyboard in Resources */ = {isa = PBXBuildFile; fileRef = 9B70E29F28AE0BEF006B41DD /* Main.storyboard */; };
		9B70E2A428AE0BEF006B41DD /* PinkBook.xcdatamodeld in Sources */ = {isa = PBXBuildFile; fileRef = 9B70E2A228AE0BEF006B41DD /* PinkBook.xcdatamodeld */; };
		9B70E2A628AE0BF0006B41DD /* Assets.xcassets in Resources */ = {isa = PBXBuildFile; fileRef = 9B70E2A528AE0BF0006B41DD /* Assets.xcassets */; };
		9B70E2A928AE0BF0006B41DD /* LaunchScreen.storyboard in Resources */ = {isa = PBXBuildFile; fileRef = 9B70E2A728AE0BF0006B41DD /* LaunchScreen.storyboard */; };
		9B8C938A28AE90FF005531B0 /* FollowViewController.swift in Sources */ = {isa = PBXBuildFile; fileRef = 9B8C938928AE90FF005531B0 /* FollowViewController.swift */; };
		9B8C938C28AE9116005531B0 /* DiscoveryViewController.swift in Sources */ = {isa = PBXBuildFile; fileRef = 9B8C938B28AE9116005531B0 /* DiscoveryViewController.swift */; };
		9B8C938E28AE912A005531B0 /* NearByViewController.swift in Sources */ = {isa = PBXBuildFile; fileRef = 9B8C938D28AE912A005531B0 /* NearByViewController.swift */; };
		9B8C939128AE9273005531B0 /* Constants.swift in Sources */ = {isa = PBXBuildFile; fileRef = 9B8C939028AE9273005531B0 /* Constants.swift */; };
		9BA35A9528AFE4BC00E51FD5 /* WaterfallCollectionVC.swift in Sources */ = {isa = PBXBuildFile; fileRef = 9BA35A9428AFE4BC00E51FD5 /* WaterfallCollectionVC.swift */; };
		9BA35A9728AFEA5700E51FD5 /* WaterfallCollectionVCell.swift in Sources */ = {isa = PBXBuildFile; fileRef = 9BA35A9628AFEA5700E51FD5 /* WaterfallCollectionVCell.swift */; };
/* End PBXBuildFile section */

/* Begin PBXFileReference section */
		9B67128928AE5F47009776CB /* PinkTabBarViewController.swift */ = {isa = PBXFileReference; lastKnownFileType = sourcecode.swift; path = PinkTabBarViewController.swift; sourceTree = "<group>"; };
		9B6FAE7F28B0DEEA00F24D9E /* PostViewController.swift */ = {isa = PBXFileReference; lastKnownFileType = sourcecode.swift; path = PostViewController.swift; sourceTree = "<group>"; };
		9B6FAE8128B0E9E200F24D9E /* Extensions.swift */ = {isa = PBXFileReference; lastKnownFileType = sourcecode.swift; path = Extensions.swift; sourceTree = "<group>"; };
		9B70E29628AE0BEF006B41DD /* PinkBook.app */ = {isa = PBXFileReference; explicitFileType = wrapper.application; includeInIndex = 0; path = PinkBook.app; sourceTree = BUILT_PRODUCTS_DIR; };
		9B70E29928AE0BEF006B41DD /* AppDelegate.swift */ = {isa = PBXFileReference; lastKnownFileType = sourcecode.swift; path = AppDelegate.swift; sourceTree = "<group>"; };
		9B70E29B28AE0BEF006B41DD /* SceneDelegate.swift */ = {isa = PBXFileReference; lastKnownFileType = sourcecode.swift; path = SceneDelegate.swift; sourceTree = "<group>"; };
		9B70E29D28AE0BEF006B41DD /* HomeViewController.swift */ = {isa = PBXFileReference; lastKnownFileType = sourcecode.swift; path = HomeViewController.swift; sourceTree = "<group>"; };
		9B70E2A028AE0BEF006B41DD /* Base */ = {isa = PBXFileReference; lastKnownFileType = file.storyboard; name = Base; path = Base.lproj/Main.storyboard; sourceTree = "<group>"; };
		9B70E2A328AE0BEF006B41DD /* PinkBook.xcdatamodel */ = {isa = PBXFileReference; lastKnownFileType = wrapper.xcdatamodel; path = PinkBook.xcdatamodel; sourceTree = "<group>"; };
		9B70E2A528AE0BF0006B41DD /* Assets.xcassets */ = {isa = PBXFileReference; lastKnownFileType = folder.assetcatalog; path = Assets.xcassets; sourceTree = "<group>"; };
		9B70E2A828AE0BF0006B41DD /* Base */ = {isa = PBXFileReference; lastKnownFileType = file.storyboard; name = Base; path = Base.lproj/LaunchScreen.storyboard; sourceTree = "<group>"; };
		9B70E2AA28AE0BF0006B41DD /* Info.plist */ = {isa = PBXFileReference; lastKnownFileType = text.plist.xml; path = Info.plist; sourceTree = "<group>"; };
		9B8C938928AE90FF005531B0 /* FollowViewController.swift */ = {isa = PBXFileReference; lastKnownFileType = sourcecode.swift; path = FollowViewController.swift; sourceTree = "<group>"; };
		9B8C938B28AE9116005531B0 /* DiscoveryViewController.swift */ = {isa = PBXFileReference; lastKnownFileType = sourcecode.swift; path = DiscoveryViewController.swift; sourceTree = "<group>"; };
		9B8C938D28AE912A005531B0 /* NearByViewController.swift */ = {isa = PBXFileReference; lastKnownFileType = sourcecode.swift; path = NearByViewController.swift; sourceTree = "<group>"; };
		9B8C939028AE9273005531B0 /* Constants.swift */ = {isa = PBXFileReference; lastKnownFileType = sourcecode.swift; path = Constants.swift; sourceTree = "<group>"; };
		9BA35A9428AFE4BC00E51FD5 /* WaterfallCollectionVC.swift */ = {isa = PBXFileReference; lastKnownFileType = sourcecode.swift; path = WaterfallCollectionVC.swift; sourceTree = "<group>"; };
		9BA35A9628AFEA5700E51FD5 /* WaterfallCollectionVCell.swift */ = {isa = PBXFileReference; lastKnownFileType = sourcecode.swift; path = WaterfallCollectionVCell.swift; sourceTree = "<group>"; };
		AF943718BC50D1C772346A89 /* Pods-PinkBook.release.xcconfig */ = {isa = PBXFileReference; includeInIndex = 1; lastKnownFileType = text.xcconfig; name = "Pods-PinkBook.release.xcconfig"; path = "Target Support Files/Pods-PinkBook/Pods-PinkBook.release.xcconfig"; sourceTree = "<group>"; };
		D1E00BEE93B0EF281BC5AE38 /* Pods_PinkBook.framework */ = {isa = PBXFileReference; explicitFileType = wrapper.framework; includeInIndex = 0; path = Pods_PinkBook.framework; sourceTree = BUILT_PRODUCTS_DIR; };
		E1A744DD722DA870EA829BB6 /* Pods-PinkBook.debug.xcconfig */ = {isa = PBXFileReference; includeInIndex = 1; lastKnownFileType = text.xcconfig; name = "Pods-PinkBook.debug.xcconfig"; path = "Target Support Files/Pods-PinkBook/Pods-PinkBook.debug.xcconfig"; sourceTree = "<group>"; };
/* End PBXFileReference section */

/* Begin PBXFrameworksBuildPhase section */
		9B70E29328AE0BEF006B41DD /* Frameworks */ = {
			isa = PBXFrameworksBuildPhase;
			buildActionMask = 2147483647;
			files = (
				366A5B679A973A5353F355A8 /* Pods_PinkBook.framework in Frameworks */,
			);
			runOnlyForDeploymentPostprocessing = 0;
		};
/* End PBXFrameworksBuildPhase section */

/* Begin PBXGroup section */
		2C27273038D6AAD721EF6AFD /* Frameworks */ = {
			isa = PBXGroup;
			children = (
				D1E00BEE93B0EF281BC5AE38 /* Pods_PinkBook.framework */,
			);
			name = Frameworks;
			sourceTree = "<group>";
		};
		7A0009339D0376BF2A9BE5A6 /* Pods */ = {
			isa = PBXGroup;
			children = (
				E1A744DD722DA870EA829BB6 /* Pods-PinkBook.debug.xcconfig */,
				AF943718BC50D1C772346A89 /* Pods-PinkBook.release.xcconfig */,
			);
			path = Pods;
			sourceTree = "<group>";
		};
		9B67128B28AE60D1009776CB /* Home */ = {
			isa = PBXGroup;
			children = (
				9B70E29D28AE0BEF006B41DD /* HomeViewController.swift */,
				9B8C938B28AE9116005531B0 /* DiscoveryViewController.swift */,
				9B8C938928AE90FF005531B0 /* FollowViewController.swift */,
				9B8C938D28AE912A005531B0 /* NearByViewController.swift */,
			);
			path = Home;
			sourceTree = "<group>";
		};
		9B6FAE7E28B0DECF00F24D9E /* Post */ = {
			isa = PBXGroup;
			children = (
				9B6FAE7F28B0DEEA00F24D9E /* PostViewController.swift */,
			);
			path = Post;
			sourceTree = "<group>";
		};
		9B70E28D28AE0BEF006B41DD = {
			isa = PBXGroup;
			children = (
				9B70E29828AE0BEF006B41DD /* PinkBook */,
				9B70E29728AE0BEF006B41DD /* Products */,
				7A0009339D0376BF2A9BE5A6 /* Pods */,
				2C27273038D6AAD721EF6AFD /* Frameworks */,
			);
			sourceTree = "<group>";
		};
		9B70E29728AE0BEF006B41DD /* Products */ = {
			isa = PBXGroup;
			children = (
				9B70E29628AE0BEF006B41DD /* PinkBook.app */,
			);
			name = Products;
			sourceTree = "<group>";
		};
		9B70E29828AE0BEF006B41DD /* PinkBook */ = {
			isa = PBXGroup;
			children = (
				9B6FAE7E28B0DECF00F24D9E /* Post */,
				9B8C938F28AE924E005531B0 /* Source */,
				9B67128B28AE60D1009776CB /* Home */,
				9B70E29928AE0BEF006B41DD /* AppDelegate.swift */,
				9B70E29B28AE0BEF006B41DD /* SceneDelegate.swift */,
				9B70E29F28AE0BEF006B41DD /* Main.storyboard */,
				9B70E2A528AE0BF0006B41DD /* Assets.xcassets */,
				9B70E2A728AE0BF0006B41DD /* LaunchScreen.storyboard */,
				9B70E2AA28AE0BF0006B41DD /* Info.plist */,
				9B70E2A228AE0BEF006B41DD /* PinkBook.xcdatamodeld */,
			);
			path = PinkBook;
			sourceTree = "<group>";
		};
		9B8C938F28AE924E005531B0 /* Source */ = {
			isa = PBXGroup;
			children = (
				9B67128928AE5F47009776CB /* PinkTabBarViewController.swift */,
				9B8C939028AE9273005531B0 /* Constants.swift */,
				9BA35A9428AFE4BC00E51FD5 /* WaterfallCollectionVC.swift */,
				9BA35A9628AFEA5700E51FD5 /* WaterfallCollectionVCell.swift */,
				9B6FAE8128B0E9E200F24D9E /* Extensions.swift */,
			);
			path = Source;
			sourceTree = "<group>";
		};
/* End PBXGroup section */

/* Begin PBXNativeTarget section */
		9B70E29528AE0BEF006B41DD /* PinkBook */ = {
			isa = PBXNativeTarget;
			buildConfigurationList = 9B70E2AD28AE0BF0006B41DD /* Build configuration list for PBXNativeTarget "PinkBook" */;
			buildPhases = (
				CCA878F9ACE8001F1127A221 /* [CP] Check Pods Manifest.lock */,
				9B70E29228AE0BEF006B41DD /* Sources */,
				9B70E29328AE0BEF006B41DD /* Frameworks */,
				9B70E29428AE0BEF006B41DD /* Resources */,
				FAA323DC14F185607D8ACB17 /* [CP] Embed Pods Frameworks */,
			);
			buildRules = (
			);
			dependencies = (
			);
			name = PinkBook;
			productName = PinkBook;
			productReference = 9B70E29628AE0BEF006B41DD /* PinkBook.app */;
			productType = "com.apple.product-type.application";
		};
/* End PBXNativeTarget section */

/* Begin PBXProject section */
		9B70E28E28AE0BEF006B41DD /* Project object */ = {
			isa = PBXProject;
			attributes = {
				BuildIndependentTargetsInParallel = 1;
				LastSwiftUpdateCheck = 1340;
				LastUpgradeCheck = 1340;
				TargetAttributes = {
					9B70E29528AE0BEF006B41DD = {
						CreatedOnToolsVersion = 13.4.1;
					};
				};
			};
			buildConfigurationList = 9B70E29128AE0BEF006B41DD /* Build configuration list for PBXProject "PinkBook" */;
			compatibilityVersion = "Xcode 13.0";
			developmentRegion = en;
			hasScannedForEncodings = 0;
			knownRegions = (
				en,
				Base,
			);
			mainGroup = 9B70E28D28AE0BEF006B41DD;
			productRefGroup = 9B70E29728AE0BEF006B41DD /* Products */;
			projectDirPath = "";
			projectRoot = "";
			targets = (
				9B70E29528AE0BEF006B41DD /* PinkBook */,
			);
		};
/* End PBXProject section */

/* Begin PBXResourcesBuildPhase section */
		9B70E29428AE0BEF006B41DD /* Resources */ = {
			isa = PBXResourcesBuildPhase;
			buildActionMask = 2147483647;
			files = (
				9B70E2A928AE0BF0006B41DD /* LaunchScreen.storyboard in Resources */,
				9B70E2A628AE0BF0006B41DD /* Assets.xcassets in Resources */,
				9B70E2A128AE0BEF006B41DD /* Main.storyboard in Resources */,
			);
			runOnlyForDeploymentPostprocessing = 0;
		};
/* End PBXResourcesBuildPhase section */

/* Begin PBXShellScriptBuildPhase section */
		CCA878F9ACE8001F1127A221 /* [CP] Check Pods Manifest.lock */ = {
			isa = PBXShellScriptBuildPhase;
			buildActionMask = 2147483647;
			files = (
			);
			inputFileListPaths = (
			);
			inputPaths = (
				"${PODS_PODFILE_DIR_PATH}/Podfile.lock",
				"${PODS_ROOT}/Manifest.lock",
			);
			name = "[CP] Check Pods Manifest.lock";
			outputFileListPaths = (
			);
			outputPaths = (
				"$(DERIVED_FILE_DIR)/Pods-PinkBook-checkManifestLockResult.txt",
			);
			runOnlyForDeploymentPostprocessing = 0;
			shellPath = /bin/sh;
			shellScript = "diff \"${PODS_PODFILE_DIR_PATH}/Podfile.lock\" \"${PODS_ROOT}/Manifest.lock\" > /dev/null\nif [ $? != 0 ] ; then\n    # print error to STDERR\n    echo \"error: The sandbox is not in sync with the Podfile.lock. Run 'pod install' or update your CocoaPods installation.\" >&2\n    exit 1\nfi\n# This output is used by Xcode 'outputs' to avoid re-running this script phase.\necho \"SUCCESS\" > \"${SCRIPT_OUTPUT_FILE_0}\"\n";
			showEnvVarsInLog = 0;
		};
		FAA323DC14F185607D8ACB17 /* [CP] Embed Pods Frameworks */ = {
			isa = PBXShellScriptBuildPhase;
			buildActionMask = 2147483647;
			files = (
			);
			inputFileListPaths = (
				"${PODS_ROOT}/Target Support Files/Pods-PinkBook/Pods-PinkBook-frameworks-${CONFIGURATION}-input-files.xcfilelist",
			);
			name = "[CP] Embed Pods Frameworks";
			outputFileListPaths = (
				"${PODS_ROOT}/Target Support Files/Pods-PinkBook/Pods-PinkBook-frameworks-${CONFIGURATION}-output-files.xcfilelist",
			);
			runOnlyForDeploymentPostprocessing = 0;
			shellPath = /bin/sh;
			shellScript = "\"${PODS_ROOT}/Target Support Files/Pods-PinkBook/Pods-PinkBook-frameworks.sh\"\n";
			showEnvVarsInLog = 0;
		};
/* End PBXShellScriptBuildPhase section */

/* Begin PBXSourcesBuildPhase section */
		9B70E29228AE0BEF006B41DD /* Sources */ = {
			isa = PBXSourcesBuildPhase;
			buildActionMask = 2147483647;
			files = (
				9B6FAE8028B0DEEA00F24D9E /* PostViewController.swift in Sources */,
				9B70E29E28AE0BEF006B41DD /* HomeViewController.swift in Sources */,
				9B70E29A28AE0BEF006B41DD /* AppDelegate.swift in Sources */,
				9B70E2A428AE0BEF006B41DD /* PinkBook.xcdatamodeld in Sources */,
				9BA35A9728AFEA5700E51FD5 /* WaterfallCollectionVCell.swift in Sources */,
				9BA35A9528AFE4BC00E51FD5 /* WaterfallCollectionVC.swift in Sources */,
				9B8C938C28AE9116005531B0 /* DiscoveryViewController.swift in Sources */,
				9B8C938A28AE90FF005531B0 /* FollowViewController.swift in Sources */,
				9B6FAE8228B0E9E200F24D9E /* Extensions.swift in Sources */,
				9B8C938E28AE912A005531B0 /* NearByViewController.swift in Sources */,
				9B67128A28AE5F47009776CB /* PinkTabBarViewController.swift in Sources */,
				9B70E29C28AE0BEF006B41DD /* SceneDelegate.swift in Sources */,
				9B8C939128AE9273005531B0 /* Constants.swift in Sources */,
			);
			runOnlyForDeploymentPostprocessing = 0;
		};
/* End PBXSourcesBuildPhase section */

/* Begin PBXVariantGroup section */
		9B70E29F28AE0BEF006B41DD /* Main.storyboard */ = {
			isa = PBXVariantGroup;
			children = (
				9B70E2A028AE0BEF006B41DD /* Base */,
			);
			name = Main.storyboard;
			sourceTree = "<group>";
		};
		9B70E2A728AE0BF0006B41DD /* LaunchScreen.storyboard */ = {
			isa = PBXVariantGroup;
			children = (
				9B70E2A828AE0BF0006B41DD /* Base */,
			);
			name = LaunchScreen.storyboard;
			sourceTree = "<group>";
		};
/* End PBXVariantGroup section */

/* Begin XCBuildConfiguration section */
		9B70E2AB28AE0BF0006B41DD /* Debug */ = {
			isa = XCBuildConfiguration;
			buildSettings = {
				ALWAYS_SEARCH_USER_PATHS = NO;
				CLANG_ANALYZER_NONNULL = YES;
				CLANG_ANALYZER_NUMBER_OBJECT_CONVERSION = YES_AGGRESSIVE;
				CLANG_CXX_LANGUAGE_STANDARD = "gnu++17";
				CLANG_ENABLE_MODULES = YES;
				CLANG_ENABLE_OBJC_ARC = YES;
				CLANG_ENABLE_OBJC_WEAK = YES;
				CLANG_WARN_BLOCK_CAPTURE_AUTORELEASING = YES;
				CLANG_WARN_BOOL_CONVERSION = YES;
				CLANG_WARN_COMMA = YES;
				CLANG_WARN_CONSTANT_CONVERSION = YES;
				CLANG_WARN_DEPRECATED_OBJC_IMPLEMENTATIONS = YES;
				CLANG_WARN_DIRECT_OBJC_ISA_USAGE = YES_ERROR;
				CLANG_WARN_DOCUMENTATION_COMMENTS = YES;
				CLANG_WARN_EMPTY_BODY = YES;
				CLANG_WARN_ENUM_CONVERSION = YES;
				CLANG_WARN_INFINITE_RECURSION = YES;
				CLANG_WARN_INT_CONVERSION = YES;
				CLANG_WARN_NON_LITERAL_NULL_CONVERSION = YES;
				CLANG_WARN_OBJC_IMPLICIT_RETAIN_SELF = YES;
				CLANG_WARN_OBJC_LITERAL_CONVERSION = YES;
				CLANG_WARN_OBJC_ROOT_CLASS = YES_ERROR;
				CLANG_WARN_QUOTED_INCLUDE_IN_FRAMEWORK_HEADER = YES;
				CLANG_WARN_RANGE_LOOP_ANALYSIS = YES;
				CLANG_WARN_STRICT_PROTOTYPES = YES;
				CLANG_WARN_SUSPICIOUS_MOVE = YES;
				CLANG_WARN_UNGUARDED_AVAILABILITY = YES_AGGRESSIVE;
				CLANG_WARN_UNREACHABLE_CODE = YES;
				CLANG_WARN__DUPLICATE_METHOD_MATCH = YES;
				COPY_PHASE_STRIP = NO;
				DEBUG_INFORMATION_FORMAT = dwarf;
				ENABLE_STRICT_OBJC_MSGSEND = YES;
				ENABLE_TESTABILITY = YES;
				GCC_C_LANGUAGE_STANDARD = gnu11;
				GCC_DYNAMIC_NO_PIC = NO;
				GCC_NO_COMMON_BLOCKS = YES;
				GCC_OPTIMIZATION_LEVEL = 0;
				GCC_PREPROCESSOR_DEFINITIONS = (
					"DEBUG=1",
					"$(inherited)",
				);
				GCC_WARN_64_TO_32_BIT_CONVERSION = YES;
				GCC_WARN_ABOUT_RETURN_TYPE = YES_ERROR;
				GCC_WARN_UNDECLARED_SELECTOR = YES;
				GCC_WARN_UNINITIALIZED_AUTOS = YES_AGGRESSIVE;
				GCC_WARN_UNUSED_FUNCTION = YES;
				GCC_WARN_UNUSED_VARIABLE = YES;
				IPHONEOS_DEPLOYMENT_TARGET = 15.5;
				MTL_ENABLE_DEBUG_INFO = INCLUDE_SOURCE;
				MTL_FAST_MATH = YES;
				ONLY_ACTIVE_ARCH = YES;
				SDKROOT = iphoneos;
				SWIFT_ACTIVE_COMPILATION_CONDITIONS = DEBUG;
				SWIFT_OPTIMIZATION_LEVEL = "-Onone";
			};
			name = Debug;
		};
		9B70E2AC28AE0BF0006B41DD /* Release */ = {
			isa = XCBuildConfiguration;
			buildSettings = {
				ALWAYS_SEARCH_USER_PATHS = NO;
				CLANG_ANALYZER_NONNULL = YES;
				CLANG_ANALYZER_NUMBER_OBJECT_CONVERSION = YES_AGGRESSIVE;
				CLANG_CXX_LANGUAGE_STANDARD = "gnu++17";
				CLANG_ENABLE_MODULES = YES;
				CLANG_ENABLE_OBJC_ARC = YES;
				CLANG_ENABLE_OBJC_WEAK = YES;
				CLANG_WARN_BLOCK_CAPTURE_AUTORELEASING = YES;
				CLANG_WARN_BOOL_CONVERSION = YES;
				CLANG_WARN_COMMA = YES;
				CLANG_WARN_CONSTANT_CONVERSION = YES;
				CLANG_WARN_DEPRECATED_OBJC_IMPLEMENTATIONS = YES;
				CLANG_WARN_DIRECT_OBJC_ISA_USAGE = YES_ERROR;
				CLANG_WARN_DOCUMENTATION_COMMENTS = YES;
				CLANG_WARN_EMPTY_BODY = YES;
				CLANG_WARN_ENUM_CONVERSION = YES;
				CLANG_WARN_INFINITE_RECURSION = YES;
				CLANG_WARN_INT_CONVERSION = YES;
				CLANG_WARN_NON_LITERAL_NULL_CONVERSION = YES;
				CLANG_WARN_OBJC_IMPLICIT_RETAIN_SELF = YES;
				CLANG_WARN_OBJC_LITERAL_CONVERSION = YES;
				CLANG_WARN_OBJC_ROOT_CLASS = YES_ERROR;
				CLANG_WARN_QUOTED_INCLUDE_IN_FRAMEWORK_HEADER = YES;
				CLANG_WARN_RANGE_LOOP_ANALYSIS = YES;
				CLANG_WARN_STRICT_PROTOTYPES = YES;
				CLANG_WARN_SUSPICIOUS_MOVE = YES;
				CLANG_WARN_UNGUARDED_AVAILABILITY = YES_AGGRESSIVE;
				CLANG_WARN_UNREACHABLE_CODE = YES;
				CLANG_WARN__DUPLICATE_METHOD_MATCH = YES;
				COPY_PHASE_STRIP = NO;
				DEBUG_INFORMATION_FORMAT = "dwarf-with-dsym";
				ENABLE_NS_ASSERTIONS = NO;
				ENABLE_STRICT_OBJC_MSGSEND = YES;
				GCC_C_LANGUAGE_STANDARD = gnu11;
				GCC_NO_COMMON_BLOCKS = YES;
				GCC_WARN_64_TO_32_BIT_CONVERSION = YES;
				GCC_WARN_ABOUT_RETURN_TYPE = YES_ERROR;
				GCC_WARN_UNDECLARED_SELECTOR = YES;
				GCC_WARN_UNINITIALIZED_AUTOS = YES_AGGRESSIVE;
				GCC_WARN_UNUSED_FUNCTION = YES;
				GCC_WARN_UNUSED_VARIABLE = YES;
				IPHONEOS_DEPLOYMENT_TARGET = 15.5;
				MTL_ENABLE_DEBUG_INFO = NO;
				MTL_FAST_MATH = YES;
				SDKROOT = iphoneos;
				SWIFT_COMPILATION_MODE = wholemodule;
				SWIFT_OPTIMIZATION_LEVEL = "-O";
				VALIDATE_PRODUCT = YES;
			};
			name = Release;
		};
		9B70E2AE28AE0BF0006B41DD /* Debug */ = {
			isa = XCBuildConfiguration;
			baseConfigurationReference = E1A744DD722DA870EA829BB6 /* Pods-PinkBook.debug.xcconfig */;
			buildSettings = {
				ASSETCATALOG_COMPILER_APPICON_NAME = AppIcon;
				ASSETCATALOG_COMPILER_GLOBAL_ACCENT_COLOR_NAME = AccentColor;
				CODE_SIGN_STYLE = Automatic;
				CURRENT_PROJECT_VERSION = 1;
				DEVELOPMENT_TEAM = XNM269JAPT;
				GENERATE_INFOPLIST_FILE = YES;
				INFOPLIST_FILE = PinkBook/Info.plist;
				INFOPLIST_KEY_CFBundleDisplayName = "小粉书";
				INFOPLIST_KEY_UIApplicationSupportsIndirectInputEvents = YES;
				INFOPLIST_KEY_UILaunchStoryboardName = LaunchScreen;
				INFOPLIST_KEY_UIMainStoryboardFile = Main;
				INFOPLIST_KEY_UISupportedInterfaceOrientations = UIInterfaceOrientationPortrait;
				INFOPLIST_KEY_UISupportedInterfaceOrientations_iPad = "UIInterfaceOrientationPortrait UIInterfaceOrientationPortraitUpsideDown UIInterfaceOrientationLandscapeLeft UIInterfaceOrientationLandscapeRight";
				INFOPLIST_KEY_UISupportedInterfaceOrientations_iPhone = "UIInterfaceOrientationPortrait UIInterfaceOrientationLandscapeLeft UIInterfaceOrientationLandscapeRight";
				IPHONEOS_DEPLOYMENT_TARGET = 14.1;
				LD_RUNPATH_SEARCH_PATHS = (
					"$(inherited)",
					"@executable_path/Frameworks",
				);
				MARKETING_VERSION = 1.0;
				PRODUCT_BUNDLE_IDENTIFIER = "beidixiaoxiong-icloud.com.PinkBook";
				PRODUCT_NAME = "$(TARGET_NAME)";
				SWIFT_EMIT_LOC_STRINGS = YES;
				SWIFT_VERSION = 5.0;
				TARGETED_DEVICE_FAMILY = 1;
			};
			name = Debug;
		};
		9B70E2AF28AE0BF0006B41DD /* Release */ = {
			isa = XCBuildConfiguration;
			baseConfigurationReference = AF943718BC50D1C772346A89 /* Pods-PinkBook.release.xcconfig */;
			buildSettings = {
				ASSETCATALOG_COMPILER_APPICON_NAME = AppIcon;
				ASSETCATALOG_COMPILER_GLOBAL_ACCENT_COLOR_NAME = AccentColor;
				CODE_SIGN_STYLE = Automatic;
				CURRENT_PROJECT_VERSION = 1;
				DEVELOPMENT_TEAM = XNM269JAPT;
				GENERATE_INFOPLIST_FILE = YES;
				INFOPLIST_FILE = PinkBook/Info.plist;
				INFOPLIST_KEY_CFBundleDisplayName = "小粉书";
				INFOPLIST_KEY_UIApplicationSupportsIndirectInputEvents = YES;
				INFOPLIST_KEY_UILaunchStoryboardName = LaunchScreen;
				INFOPLIST_KEY_UIMainStoryboardFile = Main;
				INFOPLIST_KEY_UISupportedInterfaceOrientations = UIInterfaceOrientationPortrait;
				INFOPLIST_KEY_UISupportedInterfaceOrientations_iPad = "UIInterfaceOrientationPortrait UIInterfaceOrientationPortraitUpsideDown UIInterfaceOrientationLandscapeLeft UIInterfaceOrientationLandscapeRight";
				INFOPLIST_KEY_UISupportedInterfaceOrientations_iPhone = "UIInterfaceOrientationPortrait UIInterfaceOrientationLandscapeLeft UIInterfaceOrientationLandscapeRight";
				IPHONEOS_DEPLOYMENT_TARGET = 14.1;
				LD_RUNPATH_SEARCH_PATHS = (
					"$(inherited)",
					"@executable_path/Frameworks",
				);
				MARKETING_VERSION = 1.0;
				PRODUCT_BUNDLE_IDENTIFIER = "beidixiaoxiong-icloud.com.PinkBook";
				PRODUCT_NAME = "$(TARGET_NAME)";
				SWIFT_EMIT_LOC_STRINGS = YES;
				SWIFT_VERSION = 5.0;
				TARGETED_DEVICE_FAMILY = 1;
			};
			name = Release;
		};
/* End XCBuildConfiguration section */

/* Begin XCConfigurationList section */
		9B70E29128AE0BEF006B41DD /* Build configuration list for PBXProject "PinkBook" */ = {
			isa = XCConfigurationList;
			buildConfigurations = (
				9B70E2AB28AE0BF0006B41DD /* Debug */,
				9B70E2AC28AE0BF0006B41DD /* Release */,
			);
			defaultConfigurationIsVisible = 0;
			defaultConfigurationName = Release;
		};
		9B70E2AD28AE0BF0006B41DD /* Build configuration list for PBXNativeTarget "PinkBook" */ = {
			isa = XCConfigurationList;
			buildConfigurations = (
				9B70E2AE28AE0BF0006B41DD /* Debug */,
				9B70E2AF28AE0BF0006B41DD /* Release */,
			);
			defaultConfigurationIsVisible = 0;
			defaultConfigurationName = Release;
		};
/* End XCConfigurationList section */

/* Begin XCVersionGroup section */
		9B70E2A228AE0BEF006B41DD /* PinkBook.xcdatamodeld */ = {
			isa = XCVersionGroup;
			children = (
				9B70E2A328AE0BEF006B41DD /* PinkBook.xcdatamodel */,
			);
			currentVersion = 9B70E2A328AE0BEF006B41DD /* PinkBook.xcdatamodel */;
			path = PinkBook.xcdatamodeld;
			sourceTree = "<group>";
			versionGroupType = wrapper.xcdatamodel;
		};
/* End XCVersionGroup section */
	};
	rootObject = 9B70E28E28AE0BEF006B41DD /* Project object */;
}
